// !$*UTF8*$!
{
	archiveVersion = 1;
	classes = {
	};
	objectVersion = 55;
	objects = {

/* Begin PBXBuildFile section */
		332BF331275B6C4300B5DA3C /* (null) in Sources */ = {isa = PBXBuildFile; };
		332BF378275BA92C00B5DA3C /* GenericResponse.swift in Sources */ = {isa = PBXBuildFile; fileRef = 332BF377275BA92C00B5DA3C /* GenericResponse.swift */; };
		332BF37A275BA95E00B5DA3C /* APIConstants.swift in Sources */ = {isa = PBXBuildFile; fileRef = 332BF379275BA95E00B5DA3C /* APIConstants.swift */; };
		332BF37C275BA96700B5DA3C /* NetworkResult.swift in Sources */ = {isa = PBXBuildFile; fileRef = 332BF37B275BA96700B5DA3C /* NetworkResult.swift */; };
		332BF37E275BA9A800B5DA3C /* TMapService.swift in Sources */ = {isa = PBXBuildFile; fileRef = 332BF37D275BA9A800B5DA3C /* TMapService.swift */; };
		332BF380275BA9B200B5DA3C /* TMapAPI.swift in Sources */ = {isa = PBXBuildFile; fileRef = 332BF37F275BA9B200B5DA3C /* TMapAPI.swift */; };
		332BF382275C667200B5DA3C /* PedestrianData.swift in Sources */ = {isa = PBXBuildFile; fileRef = 332BF381275C667200B5DA3C /* PedestrianData.swift */; };
		33632035270063020062EFC4 /* AppDelegate.swift in Sources */ = {isa = PBXBuildFile; fileRef = 33632034270063020062EFC4 /* AppDelegate.swift */; };
		33632037270063020062EFC4 /* SceneDelegate.swift in Sources */ = {isa = PBXBuildFile; fileRef = 33632036270063020062EFC4 /* SceneDelegate.swift */; };
		33632039270063020062EFC4 /* IsFirstRoadVC.swift in Sources */ = {isa = PBXBuildFile; fileRef = 33632038270063020062EFC4 /* IsFirstRoadVC.swift */; };
		3363203C270063020062EFC4 /* SetDestination.storyboard in Resources */ = {isa = PBXBuildFile; fileRef = 3363203A270063020062EFC4 /* SetDestination.storyboard */; };
		3363203E270063050062EFC4 /* Assets.xcassets in Resources */ = {isa = PBXBuildFile; fileRef = 3363203D270063050062EFC4 /* Assets.xcassets */; };
		33632041270063050062EFC4 /* LaunchScreen.storyboard in Resources */ = {isa = PBXBuildFile; fileRef = 3363203F270063050062EFC4 /* LaunchScreen.storyboard */; };
		33632054270064110062EFC4 /* WayFinding.storyboard in Resources */ = {isa = PBXBuildFile; fileRef = 33632053270064110062EFC4 /* WayFinding.storyboard */; };
		336320562700641C0062EFC4 /* WayFindingVC.swift in Sources */ = {isa = PBXBuildFile; fileRef = 336320552700641C0062EFC4 /* WayFindingVC.swift */; };
		33632062270064920062EFC4 /* AppModels.swift in Sources */ = {isa = PBXBuildFile; fileRef = 33632061270064920062EFC4 /* AppModels.swift */; };
		336320662700649F0062EFC4 /* class.swift in Sources */ = {isa = PBXBuildFile; fileRef = 336320652700649F0062EFC4 /* class.swift */; };
		33791F17272809750087892E /* TextToSpeechVC.swift in Sources */ = {isa = PBXBuildFile; fileRef = 33791F16272809750087892E /* TextToSpeechVC.swift */; };
		33791F19272809820087892E /* SpeechToTextVC.swift in Sources */ = {isa = PBXBuildFile; fileRef = 33791F18272809820087892E /* SpeechToTextVC.swift */; };
		339DEEE0277B9745002749B2 /* UIColor+Additions.swift in Sources */ = {isa = PBXBuildFile; fileRef = 339DEEDF277B9745002749B2 /* UIColor+Additions.swift */; };
		339DEEE2277B979E002749B2 /* UIFont+.swift in Sources */ = {isa = PBXBuildFile; fileRef = 339DEEE1277B979E002749B2 /* UIFont+.swift */; };
		339DEEE4277B9836002749B2 /* UILabel+.swift in Sources */ = {isa = PBXBuildFile; fileRef = 339DEEE3277B9836002749B2 /* UILabel+.swift */; };
		339DEEE6277B984F002749B2 /* Notification.Name.swift in Sources */ = {isa = PBXBuildFile; fileRef = 339DEEE5277B984F002749B2 /* Notification.Name.swift */; };
		339DEEE8277B98B5002749B2 /* UIView+.swift in Sources */ = {isa = PBXBuildFile; fileRef = 339DEEE7277B98B5002749B2 /* UIView+.swift */; };
		339DEEEA277B98D4002749B2 /* UserDefaults+.swift in Sources */ = {isa = PBXBuildFile; fileRef = 339DEEE9277B98D4002749B2 /* UserDefaults+.swift */; };
		339DEEEE277C51D2002749B2 /* Pretendard-Bold.otf in Resources */ = {isa = PBXBuildFile; fileRef = 339DEEEB277C5199002749B2 /* Pretendard-Bold.otf */; };
		339DEEEF277C51D4002749B2 /* Pretendard-Light.otf in Resources */ = {isa = PBXBuildFile; fileRef = 339DEEED277C5199002749B2 /* Pretendard-Light.otf */; };
		339DEEF0277C51D6002749B2 /* Pretendard-SemiBold.otf in Resources */ = {isa = PBXBuildFile; fileRef = 339DEEEC277C5199002749B2 /* Pretendard-SemiBold.otf */; };
		339DEEF2277C51F1002749B2 /* Pretendard-Medium.otf in Resources */ = {isa = PBXBuildFile; fileRef = 339DEEF1277C51F1002749B2 /* Pretendard-Medium.otf */; };
		339DEEF4277C521F002749B2 /* Pretendard-Regular.otf in Resources */ = {isa = PBXBuildFile; fileRef = 339DEEF3277C521F002749B2 /* Pretendard-Regular.otf */; };
		CB075C34CB3F0EF29F761F10 /* Pods_HapticRoad.framework in Frameworks */ = {isa = PBXBuildFile; fileRef = 83D6EB6800B2BB5B1CA2FBCE /* Pods_HapticRoad.framework */; };
/* End PBXBuildFile section */

/* Begin PBXFileReference section */
		332BF377275BA92C00B5DA3C /* GenericResponse.swift */ = {isa = PBXFileReference; lastKnownFileType = sourcecode.swift; path = GenericResponse.swift; sourceTree = "<group>"; };
		332BF379275BA95E00B5DA3C /* APIConstants.swift */ = {isa = PBXFileReference; lastKnownFileType = sourcecode.swift; path = APIConstants.swift; sourceTree = "<group>"; };
		332BF37B275BA96700B5DA3C /* NetworkResult.swift */ = {isa = PBXFileReference; lastKnownFileType = sourcecode.swift; path = NetworkResult.swift; sourceTree = "<group>"; };
		332BF37D275BA9A800B5DA3C /* TMapService.swift */ = {isa = PBXFileReference; lastKnownFileType = sourcecode.swift; path = TMapService.swift; sourceTree = "<group>"; };
		332BF37F275BA9B200B5DA3C /* TMapAPI.swift */ = {isa = PBXFileReference; lastKnownFileType = sourcecode.swift; path = TMapAPI.swift; sourceTree = "<group>"; };
		332BF381275C667200B5DA3C /* PedestrianData.swift */ = {isa = PBXFileReference; lastKnownFileType = sourcecode.swift; path = PedestrianData.swift; sourceTree = "<group>"; };
		33632031270063020062EFC4 /* HapticRoad.app */ = {isa = PBXFileReference; explicitFileType = wrapper.application; includeInIndex = 0; path = HapticRoad.app; sourceTree = BUILT_PRODUCTS_DIR; };
		33632034270063020062EFC4 /* AppDelegate.swift */ = {isa = PBXFileReference; lastKnownFileType = sourcecode.swift; path = AppDelegate.swift; sourceTree = "<group>"; };
		33632036270063020062EFC4 /* SceneDelegate.swift */ = {isa = PBXFileReference; lastKnownFileType = sourcecode.swift; path = SceneDelegate.swift; sourceTree = "<group>"; };
		33632038270063020062EFC4 /* IsFirstRoadVC.swift */ = {isa = PBXFileReference; lastKnownFileType = sourcecode.swift; path = IsFirstRoadVC.swift; sourceTree = "<group>"; };
		3363203B270063020062EFC4 /* Base */ = {isa = PBXFileReference; lastKnownFileType = file.storyboard; name = Base; path = Base.lproj/SetDestination.storyboard; sourceTree = "<group>"; };
		3363203D270063050062EFC4 /* Assets.xcassets */ = {isa = PBXFileReference; lastKnownFileType = folder.assetcatalog; path = Assets.xcassets; sourceTree = "<group>"; };
		33632040270063050062EFC4 /* Base */ = {isa = PBXFileReference; lastKnownFileType = file.storyboard; name = Base; path = Base.lproj/LaunchScreen.storyboard; sourceTree = "<group>"; };
		33632042270063050062EFC4 /* Info.plist */ = {isa = PBXFileReference; lastKnownFileType = text.plist.xml; path = Info.plist; sourceTree = "<group>"; };
		33632053270064110062EFC4 /* WayFinding.storyboard */ = {isa = PBXFileReference; lastKnownFileType = file.storyboard; path = WayFinding.storyboard; sourceTree = "<group>"; };
		336320552700641C0062EFC4 /* WayFindingVC.swift */ = {isa = PBXFileReference; lastKnownFileType = sourcecode.swift; path = WayFindingVC.swift; sourceTree = "<group>"; };
		33632061270064920062EFC4 /* AppModels.swift */ = {isa = PBXFileReference; lastKnownFileType = sourcecode.swift; path = AppModels.swift; sourceTree = "<group>"; };
		336320652700649F0062EFC4 /* class.swift */ = {isa = PBXFileReference; lastKnownFileType = sourcecode.swift; path = class.swift; sourceTree = "<group>"; };
		33791F16272809750087892E /* TextToSpeechVC.swift */ = {isa = PBXFileReference; lastKnownFileType = sourcecode.swift; path = TextToSpeechVC.swift; sourceTree = "<group>"; };
		33791F18272809820087892E /* SpeechToTextVC.swift */ = {isa = PBXFileReference; lastKnownFileType = sourcecode.swift; path = SpeechToTextVC.swift; sourceTree = "<group>"; };
		339DEEDF277B9745002749B2 /* UIColor+Additions.swift */ = {isa = PBXFileReference; lastKnownFileType = sourcecode.swift; path = "UIColor+Additions.swift"; sourceTree = "<group>"; };
		339DEEE1277B979E002749B2 /* UIFont+.swift */ = {isa = PBXFileReference; lastKnownFileType = sourcecode.swift; path = "UIFont+.swift"; sourceTree = "<group>"; };
		339DEEE3277B9836002749B2 /* UILabel+.swift */ = {isa = PBXFileReference; lastKnownFileType = sourcecode.swift; path = "UILabel+.swift"; sourceTree = "<group>"; };
		339DEEE5277B984F002749B2 /* Notification.Name.swift */ = {isa = PBXFileReference; lastKnownFileType = sourcecode.swift; path = Notification.Name.swift; sourceTree = "<group>"; };
		339DEEE7277B98B5002749B2 /* UIView+.swift */ = {isa = PBXFileReference; lastKnownFileType = sourcecode.swift; path = "UIView+.swift"; sourceTree = "<group>"; };
		339DEEE9277B98D4002749B2 /* UserDefaults+.swift */ = {isa = PBXFileReference; lastKnownFileType = sourcecode.swift; path = "UserDefaults+.swift"; sourceTree = "<group>"; };
		339DEEEB277C5199002749B2 /* Pretendard-Bold.otf */ = {isa = PBXFileReference; lastKnownFileType = file; path = "Pretendard-Bold.otf"; sourceTree = "<group>"; };
		339DEEEC277C5199002749B2 /* Pretendard-SemiBold.otf */ = {isa = PBXFileReference; lastKnownFileType = file; path = "Pretendard-SemiBold.otf"; sourceTree = "<group>"; };
		339DEEED277C5199002749B2 /* Pretendard-Light.otf */ = {isa = PBXFileReference; lastKnownFileType = file; path = "Pretendard-Light.otf"; sourceTree = "<group>"; };
		339DEEF1277C51F1002749B2 /* Pretendard-Medium.otf */ = {isa = PBXFileReference; lastKnownFileType = file; path = "Pretendard-Medium.otf"; sourceTree = "<group>"; };
		339DEEF3277C521F002749B2 /* Pretendard-Regular.otf */ = {isa = PBXFileReference; lastKnownFileType = file; path = "Pretendard-Regular.otf"; sourceTree = "<group>"; };
		653E533C555EF5AA6E1A0C4E /* Pods-HapticRoad.release.xcconfig */ = {isa = PBXFileReference; includeInIndex = 1; lastKnownFileType = text.xcconfig; name = "Pods-HapticRoad.release.xcconfig"; path = "Target Support Files/Pods-HapticRoad/Pods-HapticRoad.release.xcconfig"; sourceTree = "<group>"; };
		83D6EB6800B2BB5B1CA2FBCE /* Pods_HapticRoad.framework */ = {isa = PBXFileReference; explicitFileType = wrapper.framework; includeInIndex = 0; path = Pods_HapticRoad.framework; sourceTree = BUILT_PRODUCTS_DIR; };
		CC6BE9DFE110AD9F19C612B1 /* Pods-HapticRoad.debug.xcconfig */ = {isa = PBXFileReference; includeInIndex = 1; lastKnownFileType = text.xcconfig; name = "Pods-HapticRoad.debug.xcconfig"; path = "Target Support Files/Pods-HapticRoad/Pods-HapticRoad.debug.xcconfig"; sourceTree = "<group>"; };
/* End PBXFileReference section */

/* Begin PBXFrameworksBuildPhase section */
		3363202E270063020062EFC4 /* Frameworks */ = {
			isa = PBXFrameworksBuildPhase;
			buildActionMask = 2147483647;
			files = (
				CB075C34CB3F0EF29F761F10 /* Pods_HapticRoad.framework in Frameworks */,
			);
			runOnlyForDeploymentPostprocessing = 0;
		};
/* End PBXFrameworksBuildPhase section */

/* Begin PBXGroup section */
		332BF376275BA91B00B5DA3C /* APIEssentials */ = {
			isa = PBXGroup;
			children = (
				332BF379275BA95E00B5DA3C /* APIConstants.swift */,
				332BF37B275BA96700B5DA3C /* NetworkResult.swift */,
			);
			path = APIEssentials;
			sourceTree = "<group>";
		};
		33632028270063020062EFC4 = {
			isa = PBXGroup;
			children = (
				33632033270063020062EFC4 /* HapticRoad */,
				33632032270063020062EFC4 /* Products */,
				A329B4CA1290A2BD32B60890 /* Pods */,
				6E4ED8EAAE3CE5E358C68820 /* Frameworks */,
			);
			sourceTree = "<group>";
		};
		33632032270063020062EFC4 /* Products */ = {
			isa = PBXGroup;
			children = (
				33632031270063020062EFC4 /* HapticRoad.app */,
			);
			name = Products;
			sourceTree = "<group>";
		};
		33632033270063020062EFC4 /* HapticRoad */ = {
			isa = PBXGroup;
			children = (
				33632048270063690062EFC4 /* Global */,
				3363204B2700637E0062EFC4 /* Network */,
				3363204A270063780062EFC4 /* Screens */,
				336320492700636F0062EFC4 /* Supports */,
			);
			path = HapticRoad;
			sourceTree = "<group>";
		};
		33632048270063690062EFC4 /* Global */ = {
			isa = PBXGroup;
			children = (
				3363205F270064760062EFC4 /* AppModels */,
				33632060270064840062EFC4 /* Font */,
				3363205E270064710062EFC4 /* Class */,
				3363205D2700646C0062EFC4 /* Extension */,
				3363203F270063050062EFC4 /* LaunchScreen.storyboard */,
			);
			path = Global;
			sourceTree = "<group>";
		};
		336320492700636F0062EFC4 /* Supports */ = {
			isa = PBXGroup;
			children = (
				33632034270063020062EFC4 /* AppDelegate.swift */,
				33632036270063020062EFC4 /* SceneDelegate.swift */,
				3363203D270063050062EFC4 /* Assets.xcassets */,
				33632042270063050062EFC4 /* Info.plist */,
			);
			path = Supports;
			sourceTree = "<group>";
		};
		3363204A270063780062EFC4 /* Screens */ = {
			isa = PBXGroup;
			children = (
				3363204D270063AE0062EFC4 /* SetDestination */,
				3363204C270063A70062EFC4 /* WayFinding */,
			);
			path = Screens;
			sourceTree = "<group>";
		};
		3363204B2700637E0062EFC4 /* Network */ = {
			isa = PBXGroup;
			children = (
				332BF376275BA91B00B5DA3C /* APIEssentials */,
				33632057270064280062EFC4 /* APIModels */,
				33632058270064300062EFC4 /* APIServices */,
			);
			path = Network;
			sourceTree = "<group>";
		};
		3363204C270063A70062EFC4 /* WayFinding */ = {
			isa = PBXGroup;
			children = (
				3363204F270063CB0062EFC4 /* Storyboards */,
				33632050270063D10062EFC4 /* Controllers */,
			);
			path = WayFinding;
			sourceTree = "<group>";
		};
		3363204D270063AE0062EFC4 /* SetDestination */ = {
			isa = PBXGroup;
			children = (
				3363204E270063C20062EFC4 /* Storyboards */,
				33632051270063DF0062EFC4 /* Controllers */,
			);
			path = SetDestination;
			sourceTree = "<group>";
		};
		3363204E270063C20062EFC4 /* Storyboards */ = {
			isa = PBXGroup;
			children = (
				3363203A270063020062EFC4 /* SetDestination.storyboard */,
			);
			path = Storyboards;
			sourceTree = "<group>";
		};
		3363204F270063CB0062EFC4 /* Storyboards */ = {
			isa = PBXGroup;
			children = (
				33632053270064110062EFC4 /* WayFinding.storyboard */,
			);
			path = Storyboards;
			sourceTree = "<group>";
		};
		33632050270063D10062EFC4 /* Controllers */ = {
			isa = PBXGroup;
			children = (
				336320552700641C0062EFC4 /* WayFindingVC.swift */,
			);
			path = Controllers;
			sourceTree = "<group>";
		};
		33632051270063DF0062EFC4 /* Controllers */ = {
			isa = PBXGroup;
			children = (
				33632038270063020062EFC4 /* IsFirstRoadVC.swift */,
				33791F16272809750087892E /* TextToSpeechVC.swift */,
				33791F18272809820087892E /* SpeechToTextVC.swift */,
			);
			path = Controllers;
			sourceTree = "<group>";
		};
		33632057270064280062EFC4 /* APIModels */ = {
			isa = PBXGroup;
			children = (
				332BF377275BA92C00B5DA3C /* GenericResponse.swift */,
				332BF381275C667200B5DA3C /* PedestrianData.swift */,
			);
			path = APIModels;
			sourceTree = "<group>";
		};
		33632058270064300062EFC4 /* APIServices */ = {
			isa = PBXGroup;
			children = (
				332BF37D275BA9A800B5DA3C /* TMapService.swift */,
				332BF37F275BA9B200B5DA3C /* TMapAPI.swift */,
			);
			path = APIServices;
			sourceTree = "<group>";
		};
		3363205D2700646C0062EFC4 /* Extension */ = {
			isa = PBXGroup;
			children = (
				339DEEDF277B9745002749B2 /* UIColor+Additions.swift */,
				339DEEE1277B979E002749B2 /* UIFont+.swift */,
				339DEEE3277B9836002749B2 /* UILabel+.swift */,
				339DEEE5277B984F002749B2 /* Notification.Name.swift */,
				339DEEE7277B98B5002749B2 /* UIView+.swift */,
				339DEEE9277B98D4002749B2 /* UserDefaults+.swift */,
			);
			path = Extension;
			sourceTree = "<group>";
		};
		3363205E270064710062EFC4 /* Class */ = {
			isa = PBXGroup;
			children = (
				336320652700649F0062EFC4 /* class.swift */,
			);
			path = Class;
			sourceTree = "<group>";
		};
		3363205F270064760062EFC4 /* AppModels */ = {
			isa = PBXGroup;
			children = (
				33632061270064920062EFC4 /* AppModels.swift */,
			);
			path = AppModels;
			sourceTree = "<group>";
		};
		33632060270064840062EFC4 /* Font */ = {
			isa = PBXGroup;
			children = (
				339DEEEB277C5199002749B2 /* Pretendard-Bold.otf */,
				339DEEED277C5199002749B2 /* Pretendard-Light.otf */,
				339DEEEC277C5199002749B2 /* Pretendard-SemiBold.otf */,
				339DEEF1277C51F1002749B2 /* Pretendard-Medium.otf */,
				339DEEF3277C521F002749B2 /* Pretendard-Regular.otf */,
			);
			path = Font;
			sourceTree = "<group>";
		};
		6E4ED8EAAE3CE5E358C68820 /* Frameworks */ = {
			isa = PBXGroup;
			children = (
				83D6EB6800B2BB5B1CA2FBCE /* Pods_HapticRoad.framework */,
			);
			name = Frameworks;
			sourceTree = "<group>";
		};
		A329B4CA1290A2BD32B60890 /* Pods */ = {
			isa = PBXGroup;
			children = (
				CC6BE9DFE110AD9F19C612B1 /* Pods-HapticRoad.debug.xcconfig */,
				653E533C555EF5AA6E1A0C4E /* Pods-HapticRoad.release.xcconfig */,
			);
			path = Pods;
			sourceTree = "<group>";
		};
/* End PBXGroup section */

/* Begin PBXNativeTarget section */
		33632030270063020062EFC4 /* HapticRoad */ = {
			isa = PBXNativeTarget;
			buildConfigurationList = 33632045270063050062EFC4 /* Build configuration list for PBXNativeTarget "HapticRoad" */;
			buildPhases = (
				980121AF140B1071464A399C /* [CP] Check Pods Manifest.lock */,
				3363202D270063020062EFC4 /* Sources */,
				3363202E270063020062EFC4 /* Frameworks */,
				3363202F270063020062EFC4 /* Resources */,
				0B67C9B58C5A11A789F51509 /* [CP] Embed Pods Frameworks */,
			);
			buildRules = (
			);
			dependencies = (
			);
			name = HapticRoad;
			productName = HapticRoad;
			productReference = 33632031270063020062EFC4 /* HapticRoad.app */;
			productType = "com.apple.product-type.application";
		};
/* End PBXNativeTarget section */

/* Begin PBXProject section */
		33632029270063020062EFC4 /* Project object */ = {
			isa = PBXProject;
			attributes = {
				BuildIndependentTargetsInParallel = 1;
				LastSwiftUpdateCheck = 1300;
				LastUpgradeCheck = 1300;
				TargetAttributes = {
					33632030270063020062EFC4 = {
						CreatedOnToolsVersion = 13.0;
					};
				};
			};
			buildConfigurationList = 3363202C270063020062EFC4 /* Build configuration list for PBXProject "HapticRoad" */;
			compatibilityVersion = "Xcode 13.0";
			developmentRegion = en;
			hasScannedForEncodings = 0;
			knownRegions = (
				en,
				Base,
			);
			mainGroup = 33632028270063020062EFC4;
			productRefGroup = 33632032270063020062EFC4 /* Products */;
			projectDirPath = "";
			projectRoot = "";
			targets = (
				33632030270063020062EFC4 /* HapticRoad */,
			);
		};
/* End PBXProject section */

/* Begin PBXResourcesBuildPhase section */
		3363202F270063020062EFC4 /* Resources */ = {
			isa = PBXResourcesBuildPhase;
			buildActionMask = 2147483647;
			files = (
				33632054270064110062EFC4 /* WayFinding.storyboard in Resources */,
				339DEEEE277C51D2002749B2 /* Pretendard-Bold.otf in Resources */,
				339DEEF0277C51D6002749B2 /* Pretendard-SemiBold.otf in Resources */,
				339DEEF2277C51F1002749B2 /* Pretendard-Medium.otf in Resources */,
				339DEEF4277C521F002749B2 /* Pretendard-Regular.otf in Resources */,
				33632041270063050062EFC4 /* LaunchScreen.storyboard in Resources */,
				3363203E270063050062EFC4 /* Assets.xcassets in Resources */,
				3363203C270063020062EFC4 /* SetDestination.storyboard in Resources */,
				339DEEEF277C51D4002749B2 /* Pretendard-Light.otf in Resources */,
			);
			runOnlyForDeploymentPostprocessing = 0;
		};
/* End PBXResourcesBuildPhase section */

/* Begin PBXShellScriptBuildPhase section */
		0B67C9B58C5A11A789F51509 /* [CP] Embed Pods Frameworks */ = {
			isa = PBXShellScriptBuildPhase;
			buildActionMask = 2147483647;
			files = (
			);
			inputFileListPaths = (
				"${PODS_ROOT}/Target Support Files/Pods-HapticRoad/Pods-HapticRoad-frameworks-${CONFIGURATION}-input-files.xcfilelist",
			);
			name = "[CP] Embed Pods Frameworks";
			outputFileListPaths = (
				"${PODS_ROOT}/Target Support Files/Pods-HapticRoad/Pods-HapticRoad-frameworks-${CONFIGURATION}-output-files.xcfilelist",
			);
			runOnlyForDeploymentPostprocessing = 0;
			shellPath = /bin/sh;
			shellScript = "\"${PODS_ROOT}/Target Support Files/Pods-HapticRoad/Pods-HapticRoad-frameworks.sh\"\n";
			showEnvVarsInLog = 0;
		};
		980121AF140B1071464A399C /* [CP] Check Pods Manifest.lock */ = {
			isa = PBXShellScriptBuildPhase;
			buildActionMask = 2147483647;
			files = (
			);
			inputFileListPaths = (
			);
			inputPaths = (
				"${PODS_PODFILE_DIR_PATH}/Podfile.lock",
				"${PODS_ROOT}/Manifest.lock",
			);
			name = "[CP] Check Pods Manifest.lock";
			outputFileListPaths = (
			);
			outputPaths = (
				"$(DERIVED_FILE_DIR)/Pods-HapticRoad-checkManifestLockResult.txt",
			);
			runOnlyForDeploymentPostprocessing = 0;
			shellPath = /bin/sh;
			shellScript = "diff \"${PODS_PODFILE_DIR_PATH}/Podfile.lock\" \"${PODS_ROOT}/Manifest.lock\" > /dev/null\nif [ $? != 0 ] ; then\n    # print error to STDERR\n    echo \"error: The sandbox is not in sync with the Podfile.lock. Run 'pod install' or update your CocoaPods installation.\" >&2\n    exit 1\nfi\n# This output is used by Xcode 'outputs' to avoid re-running this script phase.\necho \"SUCCESS\" > \"${SCRIPT_OUTPUT_FILE_0}\"\n";
			showEnvVarsInLog = 0;
		};
/* End PBXShellScriptBuildPhase section */

/* Begin PBXSourcesBuildPhase section */
		3363202D270063020062EFC4 /* Sources */ = {
			isa = PBXSourcesBuildPhase;
			buildActionMask = 2147483647;
			files = (
				33632062270064920062EFC4 /* AppModels.swift in Sources */,
				33632039270063020062EFC4 /* IsFirstRoadVC.swift in Sources */,
				339DEEE2277B979E002749B2 /* UIFont+.swift in Sources */,
				33791F19272809820087892E /* SpeechToTextVC.swift in Sources */,
				336320662700649F0062EFC4 /* class.swift in Sources */,
				339DEEE4277B9836002749B2 /* UILabel+.swift in Sources */,
				332BF378275BA92C00B5DA3C /* GenericResponse.swift in Sources */,
				332BF37C275BA96700B5DA3C /* NetworkResult.swift in Sources */,
				33632035270063020062EFC4 /* AppDelegate.swift in Sources */,
				339DEEE8277B98B5002749B2 /* UIView+.swift in Sources */,
				33791F17272809750087892E /* TextToSpeechVC.swift in Sources */,
				332BF331275B6C4300B5DA3C /* (null) in Sources */,
				339DEEE6277B984F002749B2 /* Notification.Name.swift in Sources */,
				332BF37A275BA95E00B5DA3C /* APIConstants.swift in Sources */,
				33632037270063020062EFC4 /* SceneDelegate.swift in Sources */,
				332BF382275C667200B5DA3C /* PedestrianData.swift in Sources */,
				336320562700641C0062EFC4 /* WayFindingVC.swift in Sources */,
				339DEEEA277B98D4002749B2 /* UserDefaults+.swift in Sources */,
				332BF380275BA9B200B5DA3C /* TMapAPI.swift in Sources */,
				332BF37E275BA9A800B5DA3C /* TMapService.swift in Sources */,
				339DEEE0277B9745002749B2 /* UIColor+Additions.swift in Sources */,
			);
			runOnlyForDeploymentPostprocessing = 0;
		};
/* End PBXSourcesBuildPhase section */

/* Begin PBXVariantGroup section */
		3363203A270063020062EFC4 /* SetDestination.storyboard */ = {
			isa = PBXVariantGroup;
			children = (
				3363203B270063020062EFC4 /* Base */,
			);
			name = SetDestination.storyboard;
			sourceTree = "<group>";
		};
		3363203F270063050062EFC4 /* LaunchScreen.storyboard */ = {
			isa = PBXVariantGroup;
			children = (
				33632040270063050062EFC4 /* Base */,
			);
			name = LaunchScreen.storyboard;
			sourceTree = "<group>";
		};
/* End PBXVariantGroup section */

/* Begin XCBuildConfiguration section */
		33632043270063050062EFC4 /* Debug */ = {
			isa = XCBuildConfiguration;
			buildSettings = {
				ALWAYS_SEARCH_USER_PATHS = NO;
				CLANG_ANALYZER_NONNULL = YES;
				CLANG_ANALYZER_NUMBER_OBJECT_CONVERSION = YES_AGGRESSIVE;
				CLANG_CXX_LANGUAGE_STANDARD = "gnu++17";
				CLANG_CXX_LIBRARY = "libc++";
				CLANG_ENABLE_MODULES = YES;
				CLANG_ENABLE_OBJC_ARC = YES;
				CLANG_ENABLE_OBJC_WEAK = YES;
				CLANG_WARN_BLOCK_CAPTURE_AUTORELEASING = YES;
				CLANG_WARN_BOOL_CONVERSION = YES;
				CLANG_WARN_COMMA = YES;
				CLANG_WARN_CONSTANT_CONVERSION = YES;
				CLANG_WARN_DEPRECATED_OBJC_IMPLEMENTATIONS = YES;
				CLANG_WARN_DIRECT_OBJC_ISA_USAGE = YES_ERROR;
				CLANG_WARN_DOCUMENTATION_COMMENTS = YES;
				CLANG_WARN_EMPTY_BODY = YES;
				CLANG_WARN_ENUM_CONVERSION = YES;
				CLANG_WARN_INFINITE_RECURSION = YES;
				CLANG_WARN_INT_CONVERSION = YES;
				CLANG_WARN_NON_LITERAL_NULL_CONVERSION = YES;
				CLANG_WARN_OBJC_IMPLICIT_RETAIN_SELF = YES;
				CLANG_WARN_OBJC_LITERAL_CONVERSION = YES;
				CLANG_WARN_OBJC_ROOT_CLASS = YES_ERROR;
				CLANG_WARN_QUOTED_INCLUDE_IN_FRAMEWORK_HEADER = YES;
				CLANG_WARN_RANGE_LOOP_ANALYSIS = YES;
				CLANG_WARN_STRICT_PROTOTYPES = YES;
				CLANG_WARN_SUSPICIOUS_MOVE = YES;
				CLANG_WARN_UNGUARDED_AVAILABILITY = YES_AGGRESSIVE;
				CLANG_WARN_UNREACHABLE_CODE = YES;
				CLANG_WARN__DUPLICATE_METHOD_MATCH = YES;
				COPY_PHASE_STRIP = NO;
				DEBUG_INFORMATION_FORMAT = dwarf;
				ENABLE_STRICT_OBJC_MSGSEND = YES;
				ENABLE_TESTABILITY = YES;
				GCC_C_LANGUAGE_STANDARD = gnu11;
				GCC_DYNAMIC_NO_PIC = NO;
				GCC_NO_COMMON_BLOCKS = YES;
				GCC_OPTIMIZATION_LEVEL = 0;
				GCC_PREPROCESSOR_DEFINITIONS = (
					"DEBUG=1",
					"$(inherited)",
				);
				GCC_WARN_64_TO_32_BIT_CONVERSION = YES;
				GCC_WARN_ABOUT_RETURN_TYPE = YES_ERROR;
				GCC_WARN_UNDECLARED_SELECTOR = YES;
				GCC_WARN_UNINITIALIZED_AUTOS = YES_AGGRESSIVE;
				GCC_WARN_UNUSED_FUNCTION = YES;
				GCC_WARN_UNUSED_VARIABLE = YES;
				IPHONEOS_DEPLOYMENT_TARGET = 15.0;
				MTL_ENABLE_DEBUG_INFO = INCLUDE_SOURCE;
				MTL_FAST_MATH = YES;
				ONLY_ACTIVE_ARCH = YES;
				SDKROOT = iphoneos;
				SWIFT_ACTIVE_COMPILATION_CONDITIONS = DEBUG;
				SWIFT_OPTIMIZATION_LEVEL = "-Onone";
			};
			name = Debug;
		};
		33632044270063050062EFC4 /* Release */ = {
			isa = XCBuildConfiguration;
			buildSettings = {
				ALWAYS_SEARCH_USER_PATHS = NO;
				CLANG_ANALYZER_NONNULL = YES;
				CLANG_ANALYZER_NUMBER_OBJECT_CONVERSION = YES_AGGRESSIVE;
				CLANG_CXX_LANGUAGE_STANDARD = "gnu++17";
				CLANG_CXX_LIBRARY = "libc++";
				CLANG_ENABLE_MODULES = YES;
				CLANG_ENABLE_OBJC_ARC = YES;
				CLANG_ENABLE_OBJC_WEAK = YES;
				CLANG_WARN_BLOCK_CAPTURE_AUTORELEASING = YES;
				CLANG_WARN_BOOL_CONVERSION = YES;
				CLANG_WARN_COMMA = YES;
				CLANG_WARN_CONSTANT_CONVERSION = YES;
				CLANG_WARN_DEPRECATED_OBJC_IMPLEMENTATIONS = YES;
				CLANG_WARN_DIRECT_OBJC_ISA_USAGE = YES_ERROR;
				CLANG_WARN_DOCUMENTATION_COMMENTS = YES;
				CLANG_WARN_EMPTY_BODY = YES;
				CLANG_WARN_ENUM_CONVERSION = YES;
				CLANG_WARN_INFINITE_RECURSION = YES;
				CLANG_WARN_INT_CONVERSION = YES;
				CLANG_WARN_NON_LITERAL_NULL_CONVERSION = YES;
				CLANG_WARN_OBJC_IMPLICIT_RETAIN_SELF = YES;
				CLANG_WARN_OBJC_LITERAL_CONVERSION = YES;
				CLANG_WARN_OBJC_ROOT_CLASS = YES_ERROR;
				CLANG_WARN_QUOTED_INCLUDE_IN_FRAMEWORK_HEADER = YES;
				CLANG_WARN_RANGE_LOOP_ANALYSIS = YES;
				CLANG_WARN_STRICT_PROTOTYPES = YES;
				CLANG_WARN_SUSPICIOUS_MOVE = YES;
				CLANG_WARN_UNGUARDED_AVAILABILITY = YES_AGGRESSIVE;
				CLANG_WARN_UNREACHABLE_CODE = YES;
				CLANG_WARN__DUPLICATE_METHOD_MATCH = YES;
				COPY_PHASE_STRIP = NO;
				DEBUG_INFORMATION_FORMAT = "dwarf-with-dsym";
				ENABLE_NS_ASSERTIONS = NO;
				ENABLE_STRICT_OBJC_MSGSEND = YES;
				GCC_C_LANGUAGE_STANDARD = gnu11;
				GCC_NO_COMMON_BLOCKS = YES;
				GCC_WARN_64_TO_32_BIT_CONVERSION = YES;
				GCC_WARN_ABOUT_RETURN_TYPE = YES_ERROR;
				GCC_WARN_UNDECLARED_SELECTOR = YES;
				GCC_WARN_UNINITIALIZED_AUTOS = YES_AGGRESSIVE;
				GCC_WARN_UNUSED_FUNCTION = YES;
				GCC_WARN_UNUSED_VARIABLE = YES;
				IPHONEOS_DEPLOYMENT_TARGET = 15.0;
				MTL_ENABLE_DEBUG_INFO = NO;
				MTL_FAST_MATH = YES;
				SDKROOT = iphoneos;
				SWIFT_COMPILATION_MODE = wholemodule;
				SWIFT_OPTIMIZATION_LEVEL = "-O";
				VALIDATE_PRODUCT = YES;
			};
			name = Release;
		};
		33632046270063050062EFC4 /* Debug */ = {
			isa = XCBuildConfiguration;
			baseConfigurationReference = CC6BE9DFE110AD9F19C612B1 /* Pods-HapticRoad.debug.xcconfig */;
			buildSettings = {
				ASSETCATALOG_COMPILER_APPICON_NAME = AppIcon;
				ASSETCATALOG_COMPILER_GLOBAL_ACCENT_COLOR_NAME = AccentColor;
				CODE_SIGN_STYLE = Automatic;
				CURRENT_PROJECT_VERSION = 1;
				DEVELOPMENT_TEAM = 2ZS26WP93H;
				FRAMEWORK_SEARCH_PATHS = (
					"$(inherited)",
					"$(PROJECT_DIR)/HapticRoad/Supports/DaumMap.embeddedframework",
					"$(PROJECT_DIR)/HapticRoad/Supports",
				);
				GENERATE_INFOPLIST_FILE = YES;
				INFOPLIST_FILE = HapticRoad/Supports/Info.plist;
				INFOPLIST_KEY_NSLocationAlwaysUsageDescription = "";
				INFOPLIST_KEY_NSMicrophoneUsageDescription = "햅틱로드가 마이크를 사용합니다.";
				INFOPLIST_KEY_NSSpeechRecognitionUsageDescription = "햅틱로드가 Speech를 사용합니다.";
				INFOPLIST_KEY_UIApplicationSupportsIndirectInputEvents = YES;
				INFOPLIST_KEY_UILaunchStoryboardName = LaunchScreen;
				INFOPLIST_KEY_UIMainStoryboardFile = WayFinding;
				INFOPLIST_KEY_UISupportedInterfaceOrientations_iPad = "UIInterfaceOrientationPortrait UIInterfaceOrientationPortraitUpsideDown UIInterfaceOrientationLandscapeLeft UIInterfaceOrientationLandscapeRight";
				INFOPLIST_KEY_UISupportedInterfaceOrientations_iPhone = "UIInterfaceOrientationPortrait UIInterfaceOrientationLandscapeLeft UIInterfaceOrientationLandscapeRight";
				LD_RUNPATH_SEARCH_PATHS = (
					"$(inherited)",
					"@executable_path/Frameworks",
				);
				MARKETING_VERSION = 1.0;
				PRODUCT_BUNDLE_IDENTIFIER = com.swift.invisible;
				PRODUCT_NAME = "$(TARGET_NAME)";
				SWIFT_EMIT_LOC_STRINGS = YES;
				SWIFT_VERSION = 5.0;
				TARGETED_DEVICE_FAMILY = "1,2";
			};
			name = Debug;
		};
		33632047270063050062EFC4 /* Release */ = {
			isa = XCBuildConfiguration;
			baseConfigurationReference = 653E533C555EF5AA6E1A0C4E /* Pods-HapticRoad.release.xcconfig */;
			buildSettings = {
				ASSETCATALOG_COMPILER_APPICON_NAME = AppIcon;
				ASSETCATALOG_COMPILER_GLOBAL_ACCENT_COLOR_NAME = AccentColor;
				CODE_SIGN_STYLE = Automatic;
				CURRENT_PROJECT_VERSION = 1;
				DEVELOPMENT_TEAM = 2ZS26WP93H;
				FRAMEWORK_SEARCH_PATHS = (
					"$(inherited)",
					"$(PROJECT_DIR)/HapticRoad/Supports/DaumMap.embeddedframework",
					"$(PROJECT_DIR)/HapticRoad/Supports",
				);
				GENERATE_INFOPLIST_FILE = YES;
				INFOPLIST_FILE = HapticRoad/Supports/Info.plist;
				INFOPLIST_KEY_NSLocationAlwaysUsageDescription = "";
				INFOPLIST_KEY_NSMicrophoneUsageDescription = "햅틱로드가 마이크를 사용합니다.";
				INFOPLIST_KEY_NSSpeechRecognitionUsageDescription = "햅틱로드가 Speech를 사용합니다.";
				INFOPLIST_KEY_UIApplicationSupportsIndirectInputEvents = YES;
				INFOPLIST_KEY_UILaunchStoryboardName = LaunchScreen;
				INFOPLIST_KEY_UIMainStoryboardFile = WayFinding;
				INFOPLIST_KEY_UISupportedInterfaceOrientations_iPad = "UIInterfaceOrientationPortrait UIInterfaceOrientationPortraitUpsideDown UIInterfaceOrientationLandscapeLeft UIInterfaceOrientationLandscapeRight";
				INFOPLIST_KEY_UISupportedInterfaceOrientations_iPhone = "UIInterfaceOrientationPortrait UIInterfaceOrientationLandscapeLeft UIInterfaceOrientationLandscapeRight";
				LD_RUNPATH_SEARCH_PATHS = (
					"$(inherited)",
					"@executable_path/Frameworks",
				);
				MARKETING_VERSION = 1.0;
				PRODUCT_BUNDLE_IDENTIFIER = com.swift.invisible;
				PRODUCT_NAME = "$(TARGET_NAME)";
				SWIFT_EMIT_LOC_STRINGS = YES;
				SWIFT_VERSION = 5.0;
				TARGETED_DEVICE_FAMILY = "1,2";
			};
			name = Release;
		};
/* End XCBuildConfiguration section */

/* Begin XCConfigurationList section */
		3363202C270063020062EFC4 /* Build configuration list for PBXProject "HapticRoad" */ = {
			isa = XCConfigurationList;
			buildConfigurations = (
				33632043270063050062EFC4 /* Debug */,
				33632044270063050062EFC4 /* Release */,
			);
			defaultConfigurationIsVisible = 0;
			defaultConfigurationName = Release;
		};
		33632045270063050062EFC4 /* Build configuration list for PBXNativeTarget "HapticRoad" */ = {
			isa = XCConfigurationList;
			buildConfigurations = (
				33632046270063050062EFC4 /* Debug */,
				33632047270063050062EFC4 /* Release */,
			);
			defaultConfigurationIsVisible = 0;
			defaultConfigurationName = Release;
		};
/* End XCConfigurationList section */
	};
	rootObject = 33632029270063020062EFC4 /* Project object */;
}
